{
  "version": "5",
  "specifiers": {
    "npm:@atproto/api@0.15.20": "0.15.20",
    "npm:nodemailer@7.0.4": "7.0.4"
  },
  "npm": {
    "@atproto/api@0.15.20": {
      "integrity": "sha512-TEVjmL5SoInJSnI/mcxMJ7OUrZiQisewVo4aKNxEUjB+yQ9zjj4Vm2kIFys+Jv49plyDARTxLlEqFs7tiiIyDg==",
      "dependencies": [
        "@atproto/common-web",
        "@atproto/lexicon",
        "@atproto/syntax",
        "@atproto/xrpc",
        "await-lock",
        "multiformats",
        "tlds",
        "zod"
      ]
    },
    "@atproto/common-web@0.4.2": {
      "integrity": "sha512-vrXwGNoFGogodjQvJDxAeP3QbGtawgZute2ed1XdRO0wMixLk3qewtikZm06H259QDJVu6voKC5mubml+WgQUw==",
      "dependencies": [
        "graphemer",
        "multiformats",
        "uint8arrays",
        "zod"
      ]
    },
    "@atproto/lexicon@0.4.11": {
      "integrity": "sha512-btefdnvNz2Ao2I+qbmj0F06HC8IlrM/IBz6qOBS50r0S6uDf5tOO+Mv2tSVdimFkdzyDdLtBI1sV36ONxz2cOw==",
      "dependencies": [
        "@atproto/common-web",
        "@atproto/syntax",
        "iso-datestring-validator",
        "multiformats",
        "zod"
      ]
    },
    "@atproto/syntax@0.4.0": {
      "integrity": "sha512-b9y5ceHS8YKOfP3mdKmwAx5yVj9294UN7FG2XzP6V5aKUdFazEYRnR9m5n5ZQFKa3GNvz7de9guZCJ/sUTcOAA=="
    },
    "@atproto/xrpc@0.7.0": {
      "integrity": "sha512-SfhP9dGx2qclaScFDb58Jnrmim5nk4geZXCqg6sB0I/KZhZEkr9iIx1hLCp+sxkIfEsmEJjeWO4B0rjUIJW5cw==",
      "dependencies": [
        "@atproto/lexicon",
        "zod"
      ]
    },
    "await-lock@2.2.2": {
      "integrity": "sha512-aDczADvlvTGajTDjcjpJMqRkOF6Qdz3YbPZm/PyW6tKPkx2hlYBzxMhEywM/tU72HrVZjgl5VCdRuMlA7pZ8Gw=="
    },
    "graphemer@1.4.0": {
      "integrity": "sha512-EtKwoO6kxCL9WO5xipiHTZlSzBm7WLT627TqC/uVRd0HKmq8NXyebnNYxDoBi7wt8eTWrUrKXCOVaFq9x1kgag=="
    },
    "iso-datestring-validator@2.2.2": {
      "integrity": "sha512-yLEMkBbLZTlVQqOnQ4FiMujR6T4DEcCb1xizmvXS+OxuhwcbtynoosRzdMA69zZCShCNAbi+gJ71FxZBBXx1SA=="
    },
    "multiformats@9.9.0": {
      "integrity": "sha512-HoMUjhH9T8DDBNT+6xzkrd9ga/XiBI4xLr58LJACwK6G3HTOPeMz4nB4KJs33L2BelrIJa7P0VuNaVF3hMYfjg=="
    },
    "nodemailer@7.0.4": {
      "integrity": "sha512-9O00Vh89/Ld2EcVCqJ/etd7u20UhME0f/NToPfArwPEe1Don1zy4mAIz6ariRr7mJ2RDxtaDzN0WJVdVXPtZaw=="
    },
    "tlds@1.259.0": {
      "integrity": "sha512-AldGGlDP0PNgwppe2quAvuBl18UcjuNtOnDuUkqhd6ipPqrYYBt3aTxK1QTsBVknk97lS2JcafWMghjGWFtunw==",
      "bin": true
    },
    "uint8arrays@3.0.0": {
      "integrity": "sha512-HRCx0q6O9Bfbp+HHSfQQKD7wU70+lydKVt4EghkdOvlK/NlrF90z+eXV34mUd48rNvVJXwkrMSPpCATkct8fJA==",
      "dependencies": [
        "multiformats"
      ]
    },
    "zod@3.25.67": {
      "integrity": "sha512-idA2YXwpCdqUSKRCACDE6ItZD9TZzy3OZMtpfLoh6oPR47lipysRrJfjzMqFxQ3uJuUPyUeWe1r9vLH33xO/Qw=="
    }
  },
  "remote": {
    "https://deno.land/std@0.208.0/dotenv/load.ts": "0636983549b98f29ab75c9a22a42d9723f0a389ece5498fe971e7bb2556a12e2",
    "https://deno.land/std@0.208.0/dotenv/mod.ts": "039468f5c87d39b69d7ca6c3d68ebca82f206ec0ff5e011d48205eea292ea5a6"
  },
  "workspace": {
    "dependencies": [
      "npm:@atproto/api@0.15.20",
      "npm:nodemailer@7.0.4"
    ]
  }
}
