# This file is generated by running "yarn install" inside your project.
# Manual changes might be lost - proceed with caution!

__metadata:
  version: 9
  cacheKey: 10c0

"@atproto/api@npm:0.19.9":
  version: 0.19.9
  resolution: "@atproto/api@npm:0.19.9"
  dependencies:
    "@atproto/common-web": "npm:^0.4.21"
    "@atproto/lexicon": "npm:^0.6.2"
    "@atproto/syntax": "npm:^0.5.4"
    "@atproto/xrpc": "npm:^0.7.7"
    await-lock: "npm:^2.2.2"
    multiformats: "npm:^9.9.0"
    tlds: "npm:^1.234.0"
    zod: "npm:^3.23.8"
  checksum: 10c0/2abfa241ff5ec4fa198fed063fc592062f55d33eb62ac9b911f92ca19907e0410a49e551d82a624b0d4fcec23474f0d561ea4669b53602d0ecf97f3c636f1e36
  languageName: node
  linkType: hard

"@atproto/common-web@npm:^0.4.18":
  version: 0.4.18
  resolution: "@atproto/common-web@npm:0.4.18"
  dependencies:
    "@atproto/lex-data": "npm:^0.0.13"
    "@atproto/lex-json": "npm:^0.0.13"
    "@atproto/syntax": "npm:^0.5.0"
    zod: "npm:^3.23.8"
  checksum: 10c0/79fcb27ad69d359e2a7dd740e8d74109ea43060a7f3e09bed0f9497f16d5d5dc6c94f4331bcca330dfa13e7e05b70f879ac055ed2456317f5904db82aaa07a22
  languageName: node
  linkType: hard

"@atproto/common-web@npm:^0.4.21":
  version: 0.4.21
  resolution: "@atproto/common-web@npm:0.4.21"
  dependencies:
    "@atproto/lex-data": "npm:^0.0.15"
    "@atproto/lex-json": "npm:^0.0.16"
    "@atproto/syntax": "npm:^0.5.4"
    zod: "npm:^3.23.8"
  checksum: 10c0/b3c8ff3ce89da6893e88e9d36642f42825352d62be9eb2a8caf49a324cef566bbe1430e146c0e5780ea6f2ffbfef0039d12ab07634e903af7d6e9a79691927ef
  languageName: node
  linkType: hard

"@atproto/common-web@npm:^0.4.7":
  version: 0.4.7
  resolution: "@atproto/common-web@npm:0.4.7"
  dependencies:
    "@atproto/lex-data": "npm:0.0.3"
    "@atproto/lex-json": "npm:0.0.3"
    zod: "npm:^3.23.8"
  checksum: 10c0/ce1ad3d708692e952c56eec8621f5f1d2d3ad80903ffb81cd277370536ff8c39c30fe0524c8dc950c493166b7c336542dc3ca52945df647c5be051b296f73b2b
  languageName: node
  linkType: hard

"@atproto/lex-data@npm:0.0.3":
  version: 0.0.3
  resolution: "@atproto/lex-data@npm:0.0.3"
  dependencies:
    "@atproto/syntax": "npm:0.4.2"
    multiformats: "npm:^9.9.0"
    tslib: "npm:^2.8.1"
    uint8arrays: "npm:3.0.0"
    unicode-segmenter: "npm:^0.14.0"
  checksum: 10c0/fe3e0e2a6798e43fe8914d7a85270c2bd7c3f5ac3e3411d98127b94744bf4929b563a7ee334eaea85f6280e38293bc867326ffa45105d40d40497c00e52f7c56
  languageName: node
  linkType: hard

"@atproto/lex-data@npm:^0.0.13":
  version: 0.0.13
  resolution: "@atproto/lex-data@npm:0.0.13"
  dependencies:
    multiformats: "npm:^9.9.0"
    tslib: "npm:^2.8.1"
    uint8arrays: "npm:3.0.0"
    unicode-segmenter: "npm:^0.14.0"
  checksum: 10c0/9f061890286109916ebb40693a7c30c2f73b0de12cccf89158a666e5d980ac6e24b02d5d753188a84c658ba79cdd4415e5ee92cba5373de60e160e55b9d8c935
  languageName: node
  linkType: hard

"@atproto/lex-data@npm:^0.0.15":
  version: 0.0.15
  resolution: "@atproto/lex-data@npm:0.0.15"
  dependencies:
    multiformats: "npm:^9.9.0"
    tslib: "npm:^2.8.1"
    uint8arrays: "npm:3.0.0"
    unicode-segmenter: "npm:^0.14.0"
  checksum: 10c0/e3ead5e2da587a57bd0ba703b917371d41711923cb4305cda8b29a51be7fd88960e5402682dafbed8017a98e6268df70ed61726d3c59373229d10b36f734fed2
  languageName: node
  linkType: hard

"@atproto/lex-json@npm:0.0.3":
  version: 0.0.3
  resolution: "@atproto/lex-json@npm:0.0.3"
  dependencies:
    "@atproto/lex-data": "npm:0.0.3"
    tslib: "npm:^2.8.1"
  checksum: 10c0/85d65cf49d36e3ec38d88c98cf47a8089698de5cac1d0d64ec747866c8f5c74f387f034d8126268ee836ad89aa5c47e2c87caf218db08a7031411427f248e4ee
  languageName: node
  linkType: hard

"@atproto/lex-json@npm:^0.0.13":
  version: 0.0.13
  resolution: "@atproto/lex-json@npm:0.0.13"
  dependencies:
    "@atproto/lex-data": "npm:^0.0.13"
    tslib: "npm:^2.8.1"
  checksum: 10c0/b07102f32bd5c95827a7a6185b4be3022fdef5214a47e456eb975d2e04cf734715db939997ba21d576b3256ffc590bf8f5ec728ed9a14549793f706abf4cfc44
  languageName: node
  linkType: hard

"@atproto/lex-json@npm:^0.0.16":
  version: 0.0.16
  resolution: "@atproto/lex-json@npm:0.0.16"
  dependencies:
    "@atproto/lex-data": "npm:^0.0.15"
    tslib: "npm:^2.8.1"
  checksum: 10c0/bc32f8af35983781f9ae1bee761b87b53a77f7d3a4eceb16cd41feb0ab9be61c92bf99173e6ae4718f400efe3fba7f8a2d649a2de1baa028a53efc478ebfbb34
  languageName: node
  linkType: hard

"@atproto/lexicon@npm:^0.6.0":
  version: 0.6.0
  resolution: "@atproto/lexicon@npm:0.6.0"
  dependencies:
    "@atproto/common-web": "npm:^0.4.7"
    "@atproto/syntax": "npm:^0.4.2"
    iso-datestring-validator: "npm:^2.2.2"
    multiformats: "npm:^9.9.0"
    zod: "npm:^3.23.8"
  checksum: 10c0/ccc7ea401b308ab9cb25a6aec44839d4c13e61dc089aa9dbea01f748bfd034cc2aa9427523bfc65b079f22450adb3b2951a91abc02e71a7924468ac7b49d1783
  languageName: node
  linkType: hard

"@atproto/lexicon@npm:^0.6.2":
  version: 0.6.2
  resolution: "@atproto/lexicon@npm:0.6.2"
  dependencies:
    "@atproto/common-web": "npm:^0.4.18"
    "@atproto/syntax": "npm:^0.5.0"
    iso-datestring-validator: "npm:^2.2.2"
    multiformats: "npm:^9.9.0"
    zod: "npm:^3.23.8"
  checksum: 10c0/d17328e9bc5372acceb518ed8ba9087b34fc66536c7a08cc40932d93fc58a046df5e105ebe233ff7a8eae3111f7ea780524ad4dfaa319d6918a118d62e90df4a
  languageName: node
  linkType: hard

"@atproto/syntax@npm:0.4.2, @atproto/syntax@npm:^0.4.2":
  version: 0.4.2
  resolution: "@atproto/syntax@npm:0.4.2"
  checksum: 10c0/55f47be66eb72ec6a3ed7a5918889f90e0a5a24919c4fb0e11aff21fe6e0f14339b943e7a2506abf31fff03a3939beea2a7e2be35cd6900b4f8fdc396c9959f1
  languageName: node
  linkType: hard

"@atproto/syntax@npm:^0.5.0":
  version: 0.5.0
  resolution: "@atproto/syntax@npm:0.5.0"
  dependencies:
    tslib: "npm:^2.8.1"
  checksum: 10c0/20c0d5da374a599647c7c9f79e7bb498cea91504a059dd1b2e4dfd22aa49234860a5449eba0724ecff1039ce4ab10a0fcb39d5adff49396fff1a34999ba0b040
  languageName: node
  linkType: hard

"@atproto/syntax@npm:^0.5.4":
  version: 0.5.4
  resolution: "@atproto/syntax@npm:0.5.4"
  dependencies:
    tslib: "npm:^2.8.1"
  checksum: 10c0/85268ad93c201a2e979acffb54cae206bffb8a30d7db227a89d9e1d5bc6b8f8a6228c25f1cfa07579f8a2b781c7a22110aa9e1e9e743b851fe256ca5bf4c47d5
  languageName: node
  linkType: hard

"@atproto/xrpc@npm:^0.7.7":
  version: 0.7.7
  resolution: "@atproto/xrpc@npm:0.7.7"
  dependencies:
    "@atproto/lexicon": "npm:^0.6.0"
    zod: "npm:^3.23.8"
  checksum: 10c0/14f38118f6de3b55afb93d1395f648d866c853298fa4b7e6d4e70e52fb69a6b3d33f6a8df2ee4b3b8a56870bb1b8cf7b9b0f3f7a46f51b6244276e0df488ad90
  languageName: node
  linkType: hard

"@oxfmt/binding-android-arm-eabi@npm:0.45.0":
  version: 0.45.0
  resolution: "@oxfmt/binding-android-arm-eabi@npm:0.45.0"
  conditions: os=android & cpu=arm
  languageName: node
  linkType: hard

"@oxfmt/binding-android-arm64@npm:0.45.0":
  version: 0.45.0
  resolution: "@oxfmt/binding-android-arm64@npm:0.45.0"
  conditions: os=android & cpu=arm64
  languageName: node
  linkType: hard

"@oxfmt/binding-darwin-arm64@npm:0.45.0":
  version: 0.45.0
  resolution: "@oxfmt/binding-darwin-arm64@npm:0.45.0"
  conditions: os=darwin & cpu=arm64
  languageName: node
  linkType: hard

"@oxfmt/binding-darwin-x64@npm:0.45.0":
  version: 0.45.0
  resolution: "@oxfmt/binding-darwin-x64@npm:0.45.0"
  conditions: os=darwin & cpu=x64
  languageName: node
  linkType: hard

"@oxfmt/binding-freebsd-x64@npm:0.45.0":
  version: 0.45.0
  resolution: "@oxfmt/binding-freebsd-x64@npm:0.45.0"
  conditions: os=freebsd & cpu=x64
  languageName: node
  linkType: hard

"@oxfmt/binding-linux-arm-gnueabihf@npm:0.45.0":
  version: 0.45.0
  resolution: "@oxfmt/binding-linux-arm-gnueabihf@npm:0.45.0"
  conditions: os=linux & cpu=arm
  languageName: node
  linkType: hard

"@oxfmt/binding-linux-arm-musleabihf@npm:0.45.0":
  version: 0.45.0
  resolution: "@oxfmt/binding-linux-arm-musleabihf@npm:0.45.0"
  conditions: os=linux & cpu=arm
  languageName: node
  linkType: hard

"@oxfmt/binding-linux-arm64-gnu@npm:0.45.0":
  version: 0.45.0
  resolution: "@oxfmt/binding-linux-arm64-gnu@npm:0.45.0"
  conditions: os=linux & cpu=arm64 & libc=glibc
  languageName: node
  linkType: hard

"@oxfmt/binding-linux-arm64-musl@npm:0.45.0":
  version: 0.45.0
  resolution: "@oxfmt/binding-linux-arm64-musl@npm:0.45.0"
  conditions: os=linux & cpu=arm64 & libc=musl
  languageName: node
  linkType: hard

"@oxfmt/binding-linux-ppc64-gnu@npm:0.45.0":
  version: 0.45.0
  resolution: "@oxfmt/binding-linux-ppc64-gnu@npm:0.45.0"
  conditions: os=linux & cpu=ppc64 & libc=glibc
  languageName: node
  linkType: hard

"@oxfmt/binding-linux-riscv64-gnu@npm:0.45.0":
  version: 0.45.0
  resolution: "@oxfmt/binding-linux-riscv64-gnu@npm:0.45.0"
  conditions: os=linux & cpu=riscv64 & libc=glibc
  languageName: node
  linkType: hard

"@oxfmt/binding-linux-riscv64-musl@npm:0.45.0":
  version: 0.45.0
  resolution: "@oxfmt/binding-linux-riscv64-musl@npm:0.45.0"
  conditions: os=linux & cpu=riscv64 & libc=musl
  languageName: node
  linkType: hard

"@oxfmt/binding-linux-s390x-gnu@npm:0.45.0":
  version: 0.45.0
  resolution: "@oxfmt/binding-linux-s390x-gnu@npm:0.45.0"
  conditions: os=linux & cpu=s390x & libc=glibc
  languageName: node
  linkType: hard

"@oxfmt/binding-linux-x64-gnu@npm:0.45.0":
  version: 0.45.0
  resolution: "@oxfmt/binding-linux-x64-gnu@npm:0.45.0"
  conditions: os=linux & cpu=x64 & libc=glibc
  languageName: node
  linkType: hard

"@oxfmt/binding-linux-x64-musl@npm:0.45.0":
  version: 0.45.0
  resolution: "@oxfmt/binding-linux-x64-musl@npm:0.45.0"
  conditions: os=linux & cpu=x64 & libc=musl
  languageName: node
  linkType: hard

"@oxfmt/binding-openharmony-arm64@npm:0.45.0":
  version: 0.45.0
  resolution: "@oxfmt/binding-openharmony-arm64@npm:0.45.0"
  conditions: os=openharmony & cpu=arm64
  languageName: node
  linkType: hard

"@oxfmt/binding-win32-arm64-msvc@npm:0.45.0":
  version: 0.45.0
  resolution: "@oxfmt/binding-win32-arm64-msvc@npm:0.45.0"
  conditions: os=win32 & cpu=arm64
  languageName: node
  linkType: hard

"@oxfmt/binding-win32-ia32-msvc@npm:0.45.0":
  version: 0.45.0
  resolution: "@oxfmt/binding-win32-ia32-msvc@npm:0.45.0"
  conditions: os=win32 & cpu=ia32
  languageName: node
  linkType: hard

"@oxfmt/binding-win32-x64-msvc@npm:0.45.0":
  version: 0.45.0
  resolution: "@oxfmt/binding-win32-x64-msvc@npm:0.45.0"
  conditions: os=win32 & cpu=x64
  languageName: node
  linkType: hard

"@oxlint/binding-android-arm-eabi@npm:1.60.0":
  version: 1.60.0
  resolution: "@oxlint/binding-android-arm-eabi@npm:1.60.0"
  conditions: os=android & cpu=arm
  languageName: node
  linkType: hard

"@oxlint/binding-android-arm64@npm:1.60.0":
  version: 1.60.0
  resolution: "@oxlint/binding-android-arm64@npm:1.60.0"
  conditions: os=android & cpu=arm64
  languageName: node
  linkType: hard

"@oxlint/binding-darwin-arm64@npm:1.60.0":
  version: 1.60.0
  resolution: "@oxlint/binding-darwin-arm64@npm:1.60.0"
  conditions: os=darwin & cpu=arm64
  languageName: node
  linkType: hard

"@oxlint/binding-darwin-x64@npm:1.60.0":
  version: 1.60.0
  resolution: "@oxlint/binding-darwin-x64@npm:1.60.0"
  conditions: os=darwin & cpu=x64
  languageName: node
  linkType: hard

"@oxlint/binding-freebsd-x64@npm:1.60.0":
  version: 1.60.0
  resolution: "@oxlint/binding-freebsd-x64@npm:1.60.0"
  conditions: os=freebsd & cpu=x64
  languageName: node
  linkType: hard

"@oxlint/binding-linux-arm-gnueabihf@npm:1.60.0":
  version: 1.60.0
  resolution: "@oxlint/binding-linux-arm-gnueabihf@npm:1.60.0"
  conditions: os=linux & cpu=arm
  languageName: node
  linkType: hard

"@oxlint/binding-linux-arm-musleabihf@npm:1.60.0":
  version: 1.60.0
  resolution: "@oxlint/binding-linux-arm-musleabihf@npm:1.60.0"
  conditions: os=linux & cpu=arm
  languageName: node
  linkType: hard

"@oxlint/binding-linux-arm64-gnu@npm:1.60.0":
  version: 1.60.0
  resolution: "@oxlint/binding-linux-arm64-gnu@npm:1.60.0"
  conditions: os=linux & cpu=arm64 & libc=glibc
  languageName: node
  linkType: hard

"@oxlint/binding-linux-arm64-musl@npm:1.60.0":
  version: 1.60.0
  resolution: "@oxlint/binding-linux-arm64-musl@npm:1.60.0"
  conditions: os=linux & cpu=arm64 & libc=musl
  languageName: node
  linkType: hard

"@oxlint/binding-linux-ppc64-gnu@npm:1.60.0":
  version: 1.60.0
  resolution: "@oxlint/binding-linux-ppc64-gnu@npm:1.60.0"
  conditions: os=linux & cpu=ppc64 & libc=glibc
  languageName: node
  linkType: hard

"@oxlint/binding-linux-riscv64-gnu@npm:1.60.0":
  version: 1.60.0
  resolution: "@oxlint/binding-linux-riscv64-gnu@npm:1.60.0"
  conditions: os=linux & cpu=riscv64 & libc=glibc
  languageName: node
  linkType: hard

"@oxlint/binding-linux-riscv64-musl@npm:1.60.0":
  version: 1.60.0
  resolution: "@oxlint/binding-linux-riscv64-musl@npm:1.60.0"
  conditions: os=linux & cpu=riscv64 & libc=musl
  languageName: node
  linkType: hard

"@oxlint/binding-linux-s390x-gnu@npm:1.60.0":
  version: 1.60.0
  resolution: "@oxlint/binding-linux-s390x-gnu@npm:1.60.0"
  conditions: os=linux & cpu=s390x & libc=glibc
  languageName: node
  linkType: hard

"@oxlint/binding-linux-x64-gnu@npm:1.60.0":
  version: 1.60.0
  resolution: "@oxlint/binding-linux-x64-gnu@npm:1.60.0"
  conditions: os=linux & cpu=x64 & libc=glibc
  languageName: node
  linkType: hard

"@oxlint/binding-linux-x64-musl@npm:1.60.0":
  version: 1.60.0
  resolution: "@oxlint/binding-linux-x64-musl@npm:1.60.0"
  conditions: os=linux & cpu=x64 & libc=musl
  languageName: node
  linkType: hard

"@oxlint/binding-openharmony-arm64@npm:1.60.0":
  version: 1.60.0
  resolution: "@oxlint/binding-openharmony-arm64@npm:1.60.0"
  conditions: os=openharmony & cpu=arm64
  languageName: node
  linkType: hard

"@oxlint/binding-win32-arm64-msvc@npm:1.60.0":
  version: 1.60.0
  resolution: "@oxlint/binding-win32-arm64-msvc@npm:1.60.0"
  conditions: os=win32 & cpu=arm64
  languageName: node
  linkType: hard

"@oxlint/binding-win32-ia32-msvc@npm:1.60.0":
  version: 1.60.0
  resolution: "@oxlint/binding-win32-ia32-msvc@npm:1.60.0"
  conditions: os=win32 & cpu=ia32
  languageName: node
  linkType: hard

"@oxlint/binding-win32-x64-msvc@npm:1.60.0":
  version: 1.60.0
  resolution: "@oxlint/binding-win32-x64-msvc@npm:1.60.0"
  conditions: os=win32 & cpu=x64
  languageName: node
  linkType: hard

"await-lock@npm:^2.2.2":
  version: 2.2.2
  resolution: "await-lock@npm:2.2.2"
  checksum: 10c0/bedf00dad44c6325a655bf3bd523ab9e1ce41023da6a8c379990c76ac1d942ac7e5301627ab84ba37917ab5247506ba429b7f6e4bf77074093f255571b9ad5ee
  languageName: node
  linkType: hard

"bluesky-weekly-likes@workspace:.":
  version: 0.0.0-use.local
  resolution: "bluesky-weekly-likes@workspace:."
  dependencies:
    "@atproto/api": "npm:0.19.9"
    dotenv: "npm:17.4.2"
    nodemailer: "npm:8.0.5"
    oxfmt: "npm:0.45.0"
    oxlint: "npm:1.60.0"
  languageName: unknown
  linkType: soft

"dotenv@npm:17.4.2":
  version: 17.4.2
  resolution: "dotenv@npm:17.4.2"
  checksum: 10c0/164f8e77a646c8446867d5b588d26ea6005c8ea7c5eb41cf926f6113d23f2191355f6e0cfd95ea9bab98394a5b0a3f1e51a8399711b666fe55cc7b0bd745f942
  languageName: node
  linkType: hard

"iso-datestring-validator@npm:^2.2.2":
  version: 2.2.2
  resolution: "iso-datestring-validator@npm:2.2.2"
  checksum: 10c0/34f05a6ac62f311feda19328c033d94a2a52789d07b9863fec304ed11f69f8bba7922dc6fef5b88a53bd722ddfd9446a2433cb29459885549f69af16672b6f74
  languageName: node
  linkType: hard

"multiformats@npm:^9.4.2, multiformats@npm:^9.9.0":
  version: 9.9.0
  resolution: "multiformats@npm:9.9.0"
  checksum: 10c0/1fdb34fd2fb085142665e8bd402570659b50a5fae5994027e1df3add9e1ce1283ed1e0c2584a5c63ac0a58e871b8ee9665c4a99ca36ce71032617449d48aa975
  languageName: node
  linkType: hard

"nodemailer@npm:8.0.5":
  version: 8.0.5
  resolution: "nodemailer@npm:8.0.5"
  checksum: 10c0/5e8450499bd059c56d74ba96fa5f9928de2ecdae0d53c083dba5661d797114c1f9524d30f992d0263cc5a7dcf5a54b9c1d92dc1f766da150c9d0bde7d3798431
  languageName: node
  linkType: hard

"oxfmt@npm:0.45.0":
  version: 0.45.0
  resolution: "oxfmt@npm:0.45.0"
  dependencies:
    "@oxfmt/binding-android-arm-eabi": "npm:0.45.0"
    "@oxfmt/binding-android-arm64": "npm:0.45.0"
    "@oxfmt/binding-darwin-arm64": "npm:0.45.0"
    "@oxfmt/binding-darwin-x64": "npm:0.45.0"
    "@oxfmt/binding-freebsd-x64": "npm:0.45.0"
    "@oxfmt/binding-linux-arm-gnueabihf": "npm:0.45.0"
    "@oxfmt/binding-linux-arm-musleabihf": "npm:0.45.0"
    "@oxfmt/binding-linux-arm64-gnu": "npm:0.45.0"
    "@oxfmt/binding-linux-arm64-musl": "npm:0.45.0"
    "@oxfmt/binding-linux-ppc64-gnu": "npm:0.45.0"
    "@oxfmt/binding-linux-riscv64-gnu": "npm:0.45.0"
    "@oxfmt/binding-linux-riscv64-musl": "npm:0.45.0"
    "@oxfmt/binding-linux-s390x-gnu": "npm:0.45.0"
    "@oxfmt/binding-linux-x64-gnu": "npm:0.45.0"
    "@oxfmt/binding-linux-x64-musl": "npm:0.45.0"
    "@oxfmt/binding-openharmony-arm64": "npm:0.45.0"
    "@oxfmt/binding-win32-arm64-msvc": "npm:0.45.0"
    "@oxfmt/binding-win32-ia32-msvc": "npm:0.45.0"
    "@oxfmt/binding-win32-x64-msvc": "npm:0.45.0"
    tinypool: "npm:2.1.0"
  dependenciesMeta:
    "@oxfmt/binding-android-arm-eabi":
      optional: true
    "@oxfmt/binding-android-arm64":
      optional: true
    "@oxfmt/binding-darwin-arm64":
      optional: true
    "@oxfmt/binding-darwin-x64":
      optional: true
    "@oxfmt/binding-freebsd-x64":
      optional: true
    "@oxfmt/binding-linux-arm-gnueabihf":
      optional: true
    "@oxfmt/binding-linux-arm-musleabihf":
      optional: true
    "@oxfmt/binding-linux-arm64-gnu":
      optional: true
    "@oxfmt/binding-linux-arm64-musl":
      optional: true
    "@oxfmt/binding-linux-ppc64-gnu":
      optional: true
    "@oxfmt/binding-linux-riscv64-gnu":
      optional: true
    "@oxfmt/binding-linux-riscv64-musl":
      optional: true
    "@oxfmt/binding-linux-s390x-gnu":
      optional: true
    "@oxfmt/binding-linux-x64-gnu":
      optional: true
    "@oxfmt/binding-linux-x64-musl":
      optional: true
    "@oxfmt/binding-openharmony-arm64":
      optional: true
    "@oxfmt/binding-win32-arm64-msvc":
      optional: true
    "@oxfmt/binding-win32-ia32-msvc":
      optional: true
    "@oxfmt/binding-win32-x64-msvc":
      optional: true
  bin:
    oxfmt: bin/oxfmt
  checksum: 10c0/bb839d8a95b56a0e9d8a89104114a609e6ee6631c22434a80d5d682fa4758d69ade81a558172d503ee051196cff5609e2f523d904ffa49db2acd31178ec8f768
  languageName: node
  linkType: hard

"oxlint@npm:1.60.0":
  version: 1.60.0
  resolution: "oxlint@npm:1.60.0"
  dependencies:
    "@oxlint/binding-android-arm-eabi": "npm:1.60.0"
    "@oxlint/binding-android-arm64": "npm:1.60.0"
    "@oxlint/binding-darwin-arm64": "npm:1.60.0"
    "@oxlint/binding-darwin-x64": "npm:1.60.0"
    "@oxlint/binding-freebsd-x64": "npm:1.60.0"
    "@oxlint/binding-linux-arm-gnueabihf": "npm:1.60.0"
    "@oxlint/binding-linux-arm-musleabihf": "npm:1.60.0"
    "@oxlint/binding-linux-arm64-gnu": "npm:1.60.0"
    "@oxlint/binding-linux-arm64-musl": "npm:1.60.0"
    "@oxlint/binding-linux-ppc64-gnu": "npm:1.60.0"
    "@oxlint/binding-linux-riscv64-gnu": "npm:1.60.0"
    "@oxlint/binding-linux-riscv64-musl": "npm:1.60.0"
    "@oxlint/binding-linux-s390x-gnu": "npm:1.60.0"
    "@oxlint/binding-linux-x64-gnu": "npm:1.60.0"
    "@oxlint/binding-linux-x64-musl": "npm:1.60.0"
    "@oxlint/binding-openharmony-arm64": "npm:1.60.0"
    "@oxlint/binding-win32-arm64-msvc": "npm:1.60.0"
    "@oxlint/binding-win32-ia32-msvc": "npm:1.60.0"
    "@oxlint/binding-win32-x64-msvc": "npm:1.60.0"
  peerDependencies:
    oxlint-tsgolint: ">=0.18.0"
  dependenciesMeta:
    "@oxlint/binding-android-arm-eabi":
      optional: true
    "@oxlint/binding-android-arm64":
      optional: true
    "@oxlint/binding-darwin-arm64":
      optional: true
    "@oxlint/binding-darwin-x64":
      optional: true
    "@oxlint/binding-freebsd-x64":
      optional: true
    "@oxlint/binding-linux-arm-gnueabihf":
      optional: true
    "@oxlint/binding-linux-arm-musleabihf":
      optional: true
    "@oxlint/binding-linux-arm64-gnu":
      optional: true
    "@oxlint/binding-linux-arm64-musl":
      optional: true
    "@oxlint/binding-linux-ppc64-gnu":
      optional: true
    "@oxlint/binding-linux-riscv64-gnu":
      optional: true
    "@oxlint/binding-linux-riscv64-musl":
      optional: true
    "@oxlint/binding-linux-s390x-gnu":
      optional: true
    "@oxlint/binding-linux-x64-gnu":
      optional: true
    "@oxlint/binding-linux-x64-musl":
      optional: true
    "@oxlint/binding-openharmony-arm64":
      optional: true
    "@oxlint/binding-win32-arm64-msvc":
      optional: true
    "@oxlint/binding-win32-ia32-msvc":
      optional: true
    "@oxlint/binding-win32-x64-msvc":
      optional: true
  peerDependenciesMeta:
    oxlint-tsgolint:
      optional: true
  bin:
    oxlint: bin/oxlint
  checksum: 10c0/d12a2f4a6aeba5263e37b28e565b04ba8707eaec7cae53a43f3976771ec019f341fdd0f7fbd089e02c6c135d12a149a07b7162f96c2b3fa702b0642c93aff72f
  languageName: node
  linkType: hard

"tinypool@npm:2.1.0":
  version: 2.1.0
  resolution: "tinypool@npm:2.1.0"
  checksum: 10c0/9fb1c760558c6264e0f4cfde96a63b12450b43f1730fbe6274aa24ddbdf488745c08924d0dea7a1303b47d555416a6415f2113898c69b6ecf731e75ac95238a5
  languageName: node
  linkType: hard

"tlds@npm:^1.234.0":
  version: 1.259.0
  resolution: "tlds@npm:1.259.0"
  bin:
    tlds: bin.js
  checksum: 10c0/1a22109aee9faf826f9da4cc79a7ca2c327955033ab3ad87258665e2bde4011171f536357c9f83d9450b60c87a2261ef9037c0cd8977a39c639909904d051780
  languageName: node
  linkType: hard

"tslib@npm:^2.8.1":
  version: 2.8.1
  resolution: "tslib@npm:2.8.1"
  checksum: 10c0/9c4759110a19c53f992d9aae23aac5ced636e99887b51b9e61def52611732872ff7668757d4e4c61f19691e36f4da981cd9485e869b4a7408d689f6bf1f14e62
  languageName: node
  linkType: hard

"uint8arrays@npm:3.0.0":
  version: 3.0.0
  resolution: "uint8arrays@npm:3.0.0"
  dependencies:
    multiformats: "npm:^9.4.2"
  checksum: 10c0/19efb7d2ba20ec2550d1ca5b453c01ad62e70098e6454d0a446b12991fa5f3286f8ee979e5cec020fac6b4cbbaad4597024dcc8b2c69365af95443cce1323e34
  languageName: node
  linkType: hard

"unicode-segmenter@npm:^0.14.0":
  version: 0.14.0
  resolution: "unicode-segmenter@npm:0.14.0"
  checksum: 10c0/6a2402afc2b85b9fa83a42d241b5a2bb9f8a22854ff531c771b207646653796b27bdc58413c9c8a4041af0d512b98a8ef99698d1a8c930ed7e57e0e8df37d11e
  languageName: node
  linkType: hard

"zod@npm:^3.23.8":
  version: 3.25.67
  resolution: "zod@npm:3.25.67"
  checksum: 10c0/80a0cab3033272c4ab9312198081f0c4ea88e9673c059aa36dc32024906363729db54bdb78f3dc9d5529bd1601f74974d5a56c0a23e40c6f04a9270c9ff22336
  languageName: node
  linkType: hard
