# THIS IS AN AUTOGENERATED FILE. DO NOT EDIT THIS FILE DIRECTLY.
# yarn lockfile v1


"@atproto/api@0.18.4":
  version "0.18.4"
  resolved "https://registry.yarnpkg.com/@atproto/api/-/api-0.18.4.tgz#e6742f3b81acec2bcf63dd3787304166eb2891cb"
  integrity sha512-+kSxto/GRFXRFFlGwfERrwEKnC6OqTgK34BUToer/Fv08q4WMR+GYPRabbWlnDoJWu3owcQfeYdcblQ88vi16g==
  dependencies:
    "@atproto/common-web" "^0.4.6"
    "@atproto/lexicon" "^0.5.2"
    "@atproto/syntax" "^0.4.2"
    "@atproto/xrpc" "^0.7.6"
    await-lock "^2.2.2"
    multiformats "^9.9.0"
    tlds "^1.234.0"
    zod "^3.23.8"

"@atproto/common-web@^0.4.4":
  version "0.4.5"
  resolved "https://registry.yarnpkg.com/@atproto/common-web/-/common-web-0.4.5.tgz#f6fb389d3e894f880d44747a9903d02609356469"
  integrity sha512-Tx0xUafLm3vRvOQpbBl5eb9V8xlC7TaRXs6dAulHRkDG3Kb+P9qn3pkDteq+aeMshbVXbVa1rm3Ok4vFyuoyYA==
  dependencies:
    "@atproto/lex-data" "0.0.1"
    "@atproto/lex-json" "0.0.1"
    zod "^3.23.8"

"@atproto/common-web@^0.4.6":
  version "0.4.6"
  resolved "https://registry.yarnpkg.com/@atproto/common-web/-/common-web-0.4.6.tgz#e32395d44d812610fd99f718b8644308b828d68b"
  integrity sha512-+2mG/1oBcB/ZmYIU1ltrFMIiuy9aByKAkb2Fos/0eTdczcLBaH17k0KoxMGvhfsujN2r62XlanOAMzysa7lv1g==
  dependencies:
    "@atproto/lex-data" "0.0.2"
    "@atproto/lex-json" "0.0.2"
    zod "^3.23.8"

"@atproto/lex-data@0.0.1":
  version "0.0.1"
  resolved "https://registry.yarnpkg.com/@atproto/lex-data/-/lex-data-0.0.1.tgz#304ba367dd93285a6e76d133882c505d20bf5d24"
  integrity sha512-DrS/8cQcQs3s5t9ELAFNtyDZ8/PdiCx47ALtFEP2GnX2uCBHZRkqWG7xmu6ehjc787nsFzZBvlnz3T/gov5fGA==
  dependencies:
    "@atproto/syntax" "0.4.1"
    multiformats "^9.9.0"
    tslib "^2.8.1"
    uint8arrays "3.0.0"
    unicode-segmenter "^0.14.0"

"@atproto/lex-data@0.0.2":
  version "0.0.2"
  resolved "https://registry.yarnpkg.com/@atproto/lex-data/-/lex-data-0.0.2.tgz#f90e7ac52dd6056199a84efc7a3c5196de7ceb63"
  integrity sha512-euV2rDGi+coH8qvZOU+ieUOEbwPwff9ca6IiXIqjZJ76AvlIpj7vtAyIRCxHUW2BoU6h9yqyJgn9MKD2a7oIwg==
  dependencies:
    "@atproto/syntax" "0.4.2"
    multiformats "^9.9.0"
    tslib "^2.8.1"
    uint8arrays "3.0.0"
    unicode-segmenter "^0.14.0"

"@atproto/lex-json@0.0.1":
  version "0.0.1"
  resolved "https://registry.yarnpkg.com/@atproto/lex-json/-/lex-json-0.0.1.tgz#287c4d95f978f976189c739f454f0d5e588ee866"
  integrity sha512-ivcF7+pDRuD/P97IEKQ/9TruunXj0w58Khvwk3M6psaI5eZT6LRsRZ4cWcKaXiFX4SHnjy+x43g0f7pPtIsERg==
  dependencies:
    "@atproto/lex-data" "0.0.1"
    tslib "^2.8.1"

"@atproto/lex-json@0.0.2":
  version "0.0.2"
  resolved "https://registry.yarnpkg.com/@atproto/lex-json/-/lex-json-0.0.2.tgz#c4d3b6a8e965898cbc80478ecd461ddd8ac38493"
  integrity sha512-Pd72lO+l2rhOTutnf11omh9ZkoB/elbzE3HSmn2wuZlyH1mRhTYvoH8BOGokWQwbZkCE8LL3nOqMT3gHCD2l7g==
  dependencies:
    "@atproto/lex-data" "0.0.2"
    tslib "^2.8.1"

"@atproto/lexicon@^0.5.2":
  version "0.5.2"
  resolved "https://registry.yarnpkg.com/@atproto/lexicon/-/lexicon-0.5.2.tgz#c2fb39b952644c9d88203850e0d61a26b39338ec"
  integrity sha512-lRmJgMA8f5j7VB5Iu5cp188ald5FuI4FlmZ7nn6EBrk1dgOstWVrI5Ft6K3z2vjyLZRG6nzknlsw+tDP63p7bQ==
  dependencies:
    "@atproto/common-web" "^0.4.4"
    "@atproto/syntax" "^0.4.1"
    iso-datestring-validator "^2.2.2"
    multiformats "^9.9.0"
    zod "^3.23.8"

"@atproto/syntax@0.4.1", "@atproto/syntax@^0.4.1":
  version "0.4.1"
  resolved "https://registry.yarnpkg.com/@atproto/syntax/-/syntax-0.4.1.tgz#f77bc610ae0914449ff3f4731861e3da429915f5"
  integrity sha512-CJdImtLAiFO+0z3BWTtxwk6aY5w4t8orHTMVJgkf++QRJWTxPbIFko/0hrkADB7n2EruDxDSeAgfUGehpH6ngw==

"@atproto/syntax@0.4.2", "@atproto/syntax@^0.4.2":
  version "0.4.2"
  resolved "https://registry.yarnpkg.com/@atproto/syntax/-/syntax-0.4.2.tgz#a83ff62b82bf84308d78ad836c802bad6a52174a"
  integrity sha512-X9XSRPinBy/0VQ677j8VXlBsYSsUXaiqxWVpGGxJYsAhugdQRb0jqaVKJFtm6RskeNkV6y9xclSUi9UYG/COrA==

"@atproto/xrpc@^0.7.6":
  version "0.7.6"
  resolved "https://registry.yarnpkg.com/@atproto/xrpc/-/xrpc-0.7.6.tgz#bc12b0e37f81fa76589691634d4fac9774fd0cb5"
  integrity sha512-RvCf4j0JnKYWuz3QzsYCntJi3VuiAAybQsMIUw2wLWcHhchO9F7UaBZINLL2z0qc/cYWPv5NSwcVydMseoCZLA==
  dependencies:
    "@atproto/lexicon" "^0.5.2"
    zod "^3.23.8"

"@biomejs/biome@2.3.8":
  version "2.3.8"
  resolved "https://registry.yarnpkg.com/@biomejs/biome/-/biome-2.3.8.tgz#03f66a19ba7b287bc12ce493f69382f24f3076fa"
  integrity sha512-Qjsgoe6FEBxWAUzwFGFrB+1+M8y/y5kwmg5CHac+GSVOdmOIqsAiXM5QMVGZJ1eCUCLlPZtq4aFAQ0eawEUuUA==
  optionalDependencies:
    "@biomejs/cli-darwin-arm64" "2.3.8"
    "@biomejs/cli-darwin-x64" "2.3.8"
    "@biomejs/cli-linux-arm64" "2.3.8"
    "@biomejs/cli-linux-arm64-musl" "2.3.8"
    "@biomejs/cli-linux-x64" "2.3.8"
    "@biomejs/cli-linux-x64-musl" "2.3.8"
    "@biomejs/cli-win32-arm64" "2.3.8"
    "@biomejs/cli-win32-x64" "2.3.8"

"@biomejs/cli-darwin-arm64@2.3.8":
  version "2.3.8"
  resolved "https://registry.yarnpkg.com/@biomejs/cli-darwin-arm64/-/cli-darwin-arm64-2.3.8.tgz#58443b6d910a6175be0bd77062774e893de6263c"
  integrity sha512-HM4Zg9CGQ3txTPflxD19n8MFPrmUAjaC7PQdLkugeeC0cQ+PiVrd7i09gaBS/11QKsTDBJhVg85CEIK9f50Qww==

"@biomejs/cli-darwin-x64@2.3.8":
  version "2.3.8"
  resolved "https://registry.yarnpkg.com/@biomejs/cli-darwin-x64/-/cli-darwin-x64-2.3.8.tgz#5765d66ac9e92d80469ab5c24344ab6d3410ff75"
  integrity sha512-lUDQ03D7y/qEao7RgdjWVGCu+BLYadhKTm40HkpJIi6kn8LSv5PAwRlew/DmwP4YZ9ke9XXoTIQDO1vAnbRZlA==

"@biomejs/cli-linux-arm64-musl@2.3.8":
  version "2.3.8"
  resolved "https://registry.yarnpkg.com/@biomejs/cli-linux-arm64-musl/-/cli-linux-arm64-musl-2.3.8.tgz#63ff811a3acc74c885e989a4e6e8f54399425e3a"
  integrity sha512-PShR4mM0sjksUMyxbyPNMxoKFPVF48fU8Qe8Sfx6w6F42verbwRLbz+QiKNiDPRJwUoMG1nPM50OBL3aOnTevA==

"@biomejs/cli-linux-arm64@2.3.8":
  version "2.3.8"
  resolved "https://registry.yarnpkg.com/@biomejs/cli-linux-arm64/-/cli-linux-arm64-2.3.8.tgz#c6275cf8bc8592ef4ea840f5b1938606d3f3a721"
  integrity sha512-Uo1OJnIkJgSgF+USx970fsM/drtPcQ39I+JO+Fjsaa9ZdCN1oysQmy6oAGbyESlouz+rzEckLTF6DS7cWse95g==

"@biomejs/cli-linux-x64-musl@2.3.8":
  version "2.3.8"
  resolved "https://registry.yarnpkg.com/@biomejs/cli-linux-x64-musl/-/cli-linux-x64-musl-2.3.8.tgz#95da386940356ef21d71d724587213915a6e7fef"
  integrity sha512-YGLkqU91r1276uwSjiUD/xaVikdxgV1QpsicT0bIA1TaieM6E5ibMZeSyjQ/izBn4tKQthUSsVZacmoJfa3pDA==

"@biomejs/cli-linux-x64@2.3.8":
  version "2.3.8"
  resolved "https://registry.yarnpkg.com/@biomejs/cli-linux-x64/-/cli-linux-x64-2.3.8.tgz#65fddc3feb27a6817763306b73506308cbdb1dcc"
  integrity sha512-QDPMD5bQz6qOVb3kiBui0zKZXASLo0NIQ9JVJio5RveBEFgDgsvJFUvZIbMbUZT3T00M/1wdzwWXk4GIh0KaAw==

"@biomejs/cli-win32-arm64@2.3.8":
  version "2.3.8"
  resolved "https://registry.yarnpkg.com/@biomejs/cli-win32-arm64/-/cli-win32-arm64-2.3.8.tgz#86385f8ff7abec220af11a7ddf9e57c39e317277"
  integrity sha512-H4IoCHvL1fXKDrTALeTKMiE7GGWFAraDwBYFquE/L/5r1927Te0mYIGseXi4F+lrrwhSWbSGt5qPFswNoBaCxg==

"@biomejs/cli-win32-x64@2.3.8":
  version "2.3.8"
  resolved "https://registry.yarnpkg.com/@biomejs/cli-win32-x64/-/cli-win32-x64-2.3.8.tgz#dca59fbf4c6f871f22f567ade203e996c7867206"
  integrity sha512-RguzimPoZWtBapfKhKjcWXBVI91tiSprqdBYu7tWhgN8pKRZhw24rFeNZTNf6UiBfjCYCi9eFQs/JzJZIhuK4w==

await-lock@^2.2.2:
  version "2.2.2"
  resolved "https://registry.yarnpkg.com/await-lock/-/await-lock-2.2.2.tgz#a95a9b269bfd2f69d22b17a321686f551152bcef"
  integrity sha512-aDczADvlvTGajTDjcjpJMqRkOF6Qdz3YbPZm/PyW6tKPkx2hlYBzxMhEywM/tU72HrVZjgl5VCdRuMlA7pZ8Gw==

dotenv@17.2.3:
  version "17.2.3"
  resolved "https://registry.yarnpkg.com/dotenv/-/dotenv-17.2.3.tgz#ad995d6997f639b11065f419a22fabf567cdb9a2"
  integrity sha512-JVUnt+DUIzu87TABbhPmNfVdBDt18BLOWjMUFJMSi/Qqg7NTYtabbvSNJGOJ7afbRuv9D/lngizHtP7QyLQ+9w==

iso-datestring-validator@^2.2.2:
  version "2.2.2"
  resolved "https://registry.yarnpkg.com/iso-datestring-validator/-/iso-datestring-validator-2.2.2.tgz#2daa80d2900b7a954f9f731d42f96ee0c19a6895"
  integrity sha512-yLEMkBbLZTlVQqOnQ4FiMujR6T4DEcCb1xizmvXS+OxuhwcbtynoosRzdMA69zZCShCNAbi+gJ71FxZBBXx1SA==

multiformats@^9.4.2, multiformats@^9.9.0:
  version "9.9.0"
  resolved "https://registry.yarnpkg.com/multiformats/-/multiformats-9.9.0.tgz#c68354e7d21037a8f1f8833c8ccd68618e8f1d37"
  integrity sha512-HoMUjhH9T8DDBNT+6xzkrd9ga/XiBI4xLr58LJACwK6G3HTOPeMz4nB4KJs33L2BelrIJa7P0VuNaVF3hMYfjg==

nodemailer@7.0.11:
  version "7.0.11"
  resolved "https://registry.yarnpkg.com/nodemailer/-/nodemailer-7.0.11.tgz#5f7b06afaec20073cff36bea92d1c7395cc3e512"
  integrity sha512-gnXhNRE0FNhD7wPSCGhdNh46Hs6nm+uTyg+Kq0cZukNQiYdnCsoQjodNP9BQVG9XrcK/v6/MgpAPBUFyzh9pvw==

tlds@^1.234.0:
  version "1.259.0"
  resolved "https://registry.yarnpkg.com/tlds/-/tlds-1.259.0.tgz#f7e536e1fab65d7282443399417d317c309da3a3"
  integrity sha512-AldGGlDP0PNgwppe2quAvuBl18UcjuNtOnDuUkqhd6ipPqrYYBt3aTxK1QTsBVknk97lS2JcafWMghjGWFtunw==

tslib@^2.8.1:
  version "2.8.1"
  resolved "https://registry.yarnpkg.com/tslib/-/tslib-2.8.1.tgz#612efe4ed235d567e8aba5f2a5fab70280ade83f"
  integrity sha512-oJFu94HQb+KVduSUQL7wnpmqnfmLsOA/nAh6b6EH0wCEoK0/mPeXU6c3wKDV83MkOuHPRHtSXKKU99IBazS/2w==

uint8arrays@3.0.0:
  version "3.0.0"
  resolved "https://registry.yarnpkg.com/uint8arrays/-/uint8arrays-3.0.0.tgz#260869efb8422418b6f04e3fac73a3908175c63b"
  integrity sha512-HRCx0q6O9Bfbp+HHSfQQKD7wU70+lydKVt4EghkdOvlK/NlrF90z+eXV34mUd48rNvVJXwkrMSPpCATkct8fJA==
  dependencies:
    multiformats "^9.4.2"

unicode-segmenter@^0.14.0:
  version "0.14.0"
  resolved "https://registry.yarnpkg.com/unicode-segmenter/-/unicode-segmenter-0.14.0.tgz#090128182bcc710327a1b7e4af4f5834444eaa61"
  integrity sha512-AH4lhPCJANUnSLEKnM4byboctePJzltF4xj8b+NbNiYeAkAXGh7px2K/4NANFp7dnr6+zB3e6HLu8Jj8SKyvYg==

zod@^3.23.8:
  version "3.25.67"
  resolved "https://registry.yarnpkg.com/zod/-/zod-3.25.67.tgz#62987e4078e2ab0f63b491ef0c4f33df24236da8"
  integrity sha512-idA2YXwpCdqUSKRCACDE6ItZD9TZzy3OZMtpfLoh6oPR47lipysRrJfjzMqFxQ3uJuUPyUeWe1r9vLH33xO/Qw==
