# This file is generated by running "yarn install" inside your project.
# Manual changes might be lost - proceed with caution!

__metadata:
  version: 10
  cacheKey: 10c0

"@atproto/api@npm:0.20.25":
  version: 0.20.25
  resolution: "@atproto/api@npm:0.20.25"
  dependencies:
    "@atproto/common-web": "npm:^0.5.3"
    "@atproto/lexicon": "npm:^0.7.4"
    "@atproto/syntax": "npm:^0.6.4"
    "@atproto/xrpc": "npm:^0.8.3"
    await-lock: "npm:^3.0.0"
    multiformats: "npm:^13.0.0"
    tlds: "npm:^1.234.0"
    zod: "npm:^3.23.8"
  checksum: 10c0/b46c6985daf7b76fc8cb2eaa9cb3c6c45989acd1769739a2b325a6b829213f10a98d770789d5cd53d9ddff9aefd12d63f23c7ee8f291207aabb173d7922a51e8
  languageName: node
  linkType: hard

"@atproto/common-web@npm:^0.5.3":
  version: 0.5.3
  resolution: "@atproto/common-web@npm:0.5.3"
  dependencies:
    "@atproto/lex-data": "npm:^0.1.4"
    "@atproto/lex-json": "npm:^0.1.3"
    "@atproto/syntax": "npm:^0.6.4"
    zod: "npm:^3.23.8"
  checksum: 10c0/b91ba1225494f6f4b92dc591a8bc3a3376d88caf8206430f63f984b8e72984906ebb622c6c44013c48e1fb31345cff3a9bb4ef49d66915714e06afe6baeb20df
  languageName: node
  linkType: hard

"@atproto/lex-data@npm:^0.1.4":
  version: 0.1.4
  resolution: "@atproto/lex-data@npm:0.1.4"
  dependencies:
    multiformats: "npm:^13.0.0"
    tslib: "npm:^2.8.1"
    uint8arrays: "npm:^5.0.0"
    unicode-segmenter: "npm:^0.14.0"
  checksum: 10c0/1d48804e13328df1810b97c6729dd3925e98171d03768aacd14f2cb3d04f1026cb4048c29903701bafc7a6ba27fdf6007cae762917c3fc56e674a68161566a46
  languageName: node
  linkType: hard

"@atproto/lex-json@npm:^0.1.3":
  version: 0.1.3
  resolution: "@atproto/lex-json@npm:0.1.3"
  dependencies:
    "@atproto/lex-data": "npm:^0.1.4"
    tslib: "npm:^2.8.1"
  checksum: 10c0/066199b849a0a9ae339a3662de2e110f320d44ff50b1a92093417018af1a4653525c65c39611f9a6aea555518c5def59c74454f47d9d8ac06062fa4b7f683a46
  languageName: node
  linkType: hard

"@atproto/lexicon@npm:^0.7.4":
  version: 0.7.4
  resolution: "@atproto/lexicon@npm:0.7.4"
  dependencies:
    "@atproto/common-web": "npm:^0.5.3"
    "@atproto/syntax": "npm:^0.6.4"
    multiformats: "npm:^13.0.0"
    zod: "npm:^3.23.8"
  checksum: 10c0/0580735e8a1111235acddeae0ed5665d3aa6b9dbc676d051c0eb6e1bfe7cdf61a3abf79a5b3824d22afd864203f7e3aac53ab8605dd668bce66ec9e601ead12b
  languageName: node
  linkType: hard

"@atproto/syntax@npm:^0.6.4":
  version: 0.6.4
  resolution: "@atproto/syntax@npm:0.6.4"
  dependencies:
    iso-datestring-validator: "npm:^2.2.2"
    tslib: "npm:^2.8.1"
  checksum: 10c0/d13fa76bba9d59bf06f91291f12933778e4a2aa70d01c854adb376b4a14d04f6c2f26ff1b2b3572aaaebe59a20ef8ab4566cc2f2d816b2f3d8f7f9bbee2346e3
  languageName: node
  linkType: hard

"@atproto/xrpc@npm:^0.8.3":
  version: 0.8.3
  resolution: "@atproto/xrpc@npm:0.8.3"
  dependencies:
    "@atproto/lexicon": "npm:^0.7.4"
    zod: "npm:^3.23.8"
  checksum: 10c0/1f389b62400ba013e5554166a1ffdb312f0b25ad6b5f1ddac8ef552bdb5096f38ac507f359c459a752c2e6b4287943adfea2deb313ecb7fbbc005e6fefd513a6
  languageName: node
  linkType: hard

"@oxfmt/binding-android-arm-eabi@npm:0.57.0":
  version: 0.57.0
  resolution: "@oxfmt/binding-android-arm-eabi@npm:0.57.0"
  conditions: os=android & cpu=arm
  languageName: node
  linkType: hard

"@oxfmt/binding-android-arm64@npm:0.57.0":
  version: 0.57.0
  resolution: "@oxfmt/binding-android-arm64@npm:0.57.0"
  conditions: os=android & cpu=arm64
  languageName: node
  linkType: hard

"@oxfmt/binding-darwin-arm64@npm:0.57.0":
  version: 0.57.0
  resolution: "@oxfmt/binding-darwin-arm64@npm:0.57.0"
  conditions: os=darwin & cpu=arm64
  languageName: node
  linkType: hard

"@oxfmt/binding-darwin-x64@npm:0.57.0":
  version: 0.57.0
  resolution: "@oxfmt/binding-darwin-x64@npm:0.57.0"
  conditions: os=darwin & cpu=x64
  languageName: node
  linkType: hard

"@oxfmt/binding-freebsd-x64@npm:0.57.0":
  version: 0.57.0
  resolution: "@oxfmt/binding-freebsd-x64@npm:0.57.0"
  conditions: os=freebsd & cpu=x64
  languageName: node
  linkType: hard

"@oxfmt/binding-linux-arm-gnueabihf@npm:0.57.0":
  version: 0.57.0
  resolution: "@oxfmt/binding-linux-arm-gnueabihf@npm:0.57.0"
  conditions: os=linux & cpu=arm
  languageName: node
  linkType: hard

"@oxfmt/binding-linux-arm-musleabihf@npm:0.57.0":
  version: 0.57.0
  resolution: "@oxfmt/binding-linux-arm-musleabihf@npm:0.57.0"
  conditions: os=linux & cpu=arm
  languageName: node
  linkType: hard

"@oxfmt/binding-linux-arm64-gnu@npm:0.57.0":
  version: 0.57.0
  resolution: "@oxfmt/binding-linux-arm64-gnu@npm:0.57.0"
  conditions: os=linux & cpu=arm64 & libc=glibc
  languageName: node
  linkType: hard

"@oxfmt/binding-linux-arm64-musl@npm:0.57.0":
  version: 0.57.0
  resolution: "@oxfmt/binding-linux-arm64-musl@npm:0.57.0"
  conditions: os=linux & cpu=arm64 & libc=musl
  languageName: node
  linkType: hard

"@oxfmt/binding-linux-ppc64-gnu@npm:0.57.0":
  version: 0.57.0
  resolution: "@oxfmt/binding-linux-ppc64-gnu@npm:0.57.0"
  conditions: os=linux & cpu=ppc64 & libc=glibc
  languageName: node
  linkType: hard

"@oxfmt/binding-linux-riscv64-gnu@npm:0.57.0":
  version: 0.57.0
  resolution: "@oxfmt/binding-linux-riscv64-gnu@npm:0.57.0"
  conditions: os=linux & cpu=riscv64 & libc=glibc
  languageName: node
  linkType: hard

"@oxfmt/binding-linux-riscv64-musl@npm:0.57.0":
  version: 0.57.0
  resolution: "@oxfmt/binding-linux-riscv64-musl@npm:0.57.0"
  conditions: os=linux & cpu=riscv64 & libc=musl
  languageName: node
  linkType: hard

"@oxfmt/binding-linux-s390x-gnu@npm:0.57.0":
  version: 0.57.0
  resolution: "@oxfmt/binding-linux-s390x-gnu@npm:0.57.0"
  conditions: os=linux & cpu=s390x & libc=glibc
  languageName: node
  linkType: hard

"@oxfmt/binding-linux-x64-gnu@npm:0.57.0":
  version: 0.57.0
  resolution: "@oxfmt/binding-linux-x64-gnu@npm:0.57.0"
  conditions: os=linux & cpu=x64 & libc=glibc
  languageName: node
  linkType: hard

"@oxfmt/binding-linux-x64-musl@npm:0.57.0":
  version: 0.57.0
  resolution: "@oxfmt/binding-linux-x64-musl@npm:0.57.0"
  conditions: os=linux & cpu=x64 & libc=musl
  languageName: node
  linkType: hard

"@oxfmt/binding-openharmony-arm64@npm:0.57.0":
  version: 0.57.0
  resolution: "@oxfmt/binding-openharmony-arm64@npm:0.57.0"
  conditions: os=openharmony & cpu=arm64
  languageName: node
  linkType: hard

"@oxfmt/binding-win32-arm64-msvc@npm:0.57.0":
  version: 0.57.0
  resolution: "@oxfmt/binding-win32-arm64-msvc@npm:0.57.0"
  conditions: os=win32 & cpu=arm64
  languageName: node
  linkType: hard

"@oxfmt/binding-win32-ia32-msvc@npm:0.57.0":
  version: 0.57.0
  resolution: "@oxfmt/binding-win32-ia32-msvc@npm:0.57.0"
  conditions: os=win32 & cpu=ia32
  languageName: node
  linkType: hard

"@oxfmt/binding-win32-x64-msvc@npm:0.57.0":
  version: 0.57.0
  resolution: "@oxfmt/binding-win32-x64-msvc@npm:0.57.0"
  conditions: os=win32 & cpu=x64
  languageName: node
  linkType: hard

"@oxlint/binding-android-arm-eabi@npm:1.72.0":
  version: 1.72.0
  resolution: "@oxlint/binding-android-arm-eabi@npm:1.72.0"
  conditions: os=android & cpu=arm
  languageName: node
  linkType: hard

"@oxlint/binding-android-arm64@npm:1.72.0":
  version: 1.72.0
  resolution: "@oxlint/binding-android-arm64@npm:1.72.0"
  conditions: os=android & cpu=arm64
  languageName: node
  linkType: hard

"@oxlint/binding-darwin-arm64@npm:1.72.0":
  version: 1.72.0
  resolution: "@oxlint/binding-darwin-arm64@npm:1.72.0"
  conditions: os=darwin & cpu=arm64
  languageName: node
  linkType: hard

"@oxlint/binding-darwin-x64@npm:1.72.0":
  version: 1.72.0
  resolution: "@oxlint/binding-darwin-x64@npm:1.72.0"
  conditions: os=darwin & cpu=x64
  languageName: node
  linkType: hard

"@oxlint/binding-freebsd-x64@npm:1.72.0":
  version: 1.72.0
  resolution: "@oxlint/binding-freebsd-x64@npm:1.72.0"
  conditions: os=freebsd & cpu=x64
  languageName: node
  linkType: hard

"@oxlint/binding-linux-arm-gnueabihf@npm:1.72.0":
  version: 1.72.0
  resolution: "@oxlint/binding-linux-arm-gnueabihf@npm:1.72.0"
  conditions: os=linux & cpu=arm
  languageName: node
  linkType: hard

"@oxlint/binding-linux-arm-musleabihf@npm:1.72.0":
  version: 1.72.0
  resolution: "@oxlint/binding-linux-arm-musleabihf@npm:1.72.0"
  conditions: os=linux & cpu=arm
  languageName: node
  linkType: hard

"@oxlint/binding-linux-arm64-gnu@npm:1.72.0":
  version: 1.72.0
  resolution: "@oxlint/binding-linux-arm64-gnu@npm:1.72.0"
  conditions: os=linux & cpu=arm64 & libc=glibc
  languageName: node
  linkType: hard

"@oxlint/binding-linux-arm64-musl@npm:1.72.0":
  version: 1.72.0
  resolution: "@oxlint/binding-linux-arm64-musl@npm:1.72.0"
  conditions: os=linux & cpu=arm64 & libc=musl
  languageName: node
  linkType: hard

"@oxlint/binding-linux-ppc64-gnu@npm:1.72.0":
  version: 1.72.0
  resolution: "@oxlint/binding-linux-ppc64-gnu@npm:1.72.0"
  conditions: os=linux & cpu=ppc64 & libc=glibc
  languageName: node
  linkType: hard

"@oxlint/binding-linux-riscv64-gnu@npm:1.72.0":
  version: 1.72.0
  resolution: "@oxlint/binding-linux-riscv64-gnu@npm:1.72.0"
  conditions: os=linux & cpu=riscv64 & libc=glibc
  languageName: node
  linkType: hard

"@oxlint/binding-linux-riscv64-musl@npm:1.72.0":
  version: 1.72.0
  resolution: "@oxlint/binding-linux-riscv64-musl@npm:1.72.0"
  conditions: os=linux & cpu=riscv64 & libc=musl
  languageName: node
  linkType: hard

"@oxlint/binding-linux-s390x-gnu@npm:1.72.0":
  version: 1.72.0
  resolution: "@oxlint/binding-linux-s390x-gnu@npm:1.72.0"
  conditions: os=linux & cpu=s390x & libc=glibc
  languageName: node
  linkType: hard

"@oxlint/binding-linux-x64-gnu@npm:1.72.0":
  version: 1.72.0
  resolution: "@oxlint/binding-linux-x64-gnu@npm:1.72.0"
  conditions: os=linux & cpu=x64 & libc=glibc
  languageName: node
  linkType: hard

"@oxlint/binding-linux-x64-musl@npm:1.72.0":
  version: 1.72.0
  resolution: "@oxlint/binding-linux-x64-musl@npm:1.72.0"
  conditions: os=linux & cpu=x64 & libc=musl
  languageName: node
  linkType: hard

"@oxlint/binding-openharmony-arm64@npm:1.72.0":
  version: 1.72.0
  resolution: "@oxlint/binding-openharmony-arm64@npm:1.72.0"
  conditions: os=openharmony & cpu=arm64
  languageName: node
  linkType: hard

"@oxlint/binding-win32-arm64-msvc@npm:1.72.0":
  version: 1.72.0
  resolution: "@oxlint/binding-win32-arm64-msvc@npm:1.72.0"
  conditions: os=win32 & cpu=arm64
  languageName: node
  linkType: hard

"@oxlint/binding-win32-ia32-msvc@npm:1.72.0":
  version: 1.72.0
  resolution: "@oxlint/binding-win32-ia32-msvc@npm:1.72.0"
  conditions: os=win32 & cpu=ia32
  languageName: node
  linkType: hard

"@oxlint/binding-win32-x64-msvc@npm:1.72.0":
  version: 1.72.0
  resolution: "@oxlint/binding-win32-x64-msvc@npm:1.72.0"
  conditions: os=win32 & cpu=x64
  languageName: node
  linkType: hard

"await-lock@npm:^3.0.0":
  version: 3.0.0
  resolution: "await-lock@npm:3.0.0"
  checksum: 10c0/1768fd046beb1ed16e7d74a1d84e586ffa2097320f781a96d3a92814c652cfb1c05e32e013aa50b263ef51191b7fa891b6c1651d86ea83b30c612670572127c4
  languageName: node
  linkType: hard

"bluesky-weekly-likes@workspace:.":
  version: 0.0.0-use.local
  resolution: "bluesky-weekly-likes@workspace:."
  dependencies:
    "@atproto/api": "npm:0.20.25"
    dotenv: "npm:17.4.2"
    nodemailer: "npm:9.0.3"
    oxfmt: "npm:0.57.0"
    oxlint: "npm:1.72.0"
  languageName: unknown
  linkType: soft

"dotenv@npm:17.4.2":
  version: 17.4.2
  resolution: "dotenv@npm:17.4.2"
  checksum: 10c0/164f8e77a646c8446867d5b588d26ea6005c8ea7c5eb41cf926f6113d23f2191355f6e0cfd95ea9bab98394a5b0a3f1e51a8399711b666fe55cc7b0bd745f942
  languageName: node
  linkType: hard

"iso-datestring-validator@npm:^2.2.2":
  version: 2.2.2
  resolution: "iso-datestring-validator@npm:2.2.2"
  checksum: 10c0/34f05a6ac62f311feda19328c033d94a2a52789d07b9863fec304ed11f69f8bba7922dc6fef5b88a53bd722ddfd9446a2433cb29459885549f69af16672b6f74
  languageName: node
  linkType: hard

"multiformats@npm:^13.0.0":
  version: 13.4.2
  resolution: "multiformats@npm:13.4.2"
  checksum: 10c0/b7be09b8bf8198d601c8f8c9a358b9a6aca5a14d61239a84f88d8266322e4e7c3015fe7bdf88b589b9993a4abb752defabb932719d1b457a53277e264c4cee11
  languageName: node
  linkType: hard

"nodemailer@npm:9.0.3":
  version: 9.0.3
  resolution: "nodemailer@npm:9.0.3"
  checksum: 10c0/9e93516fb9fcc8835b683cdf3b90135648dabf0133ac9b04890303c2e23eef1d7bae58fe98afb0e251ae10428b96f05df483deb78f0b49f47793debbb0383216
  languageName: node
  linkType: hard

"oxfmt@npm:0.57.0":
  version: 0.57.0
  resolution: "oxfmt@npm:0.57.0"
  dependencies:
    "@oxfmt/binding-android-arm-eabi": "npm:0.57.0"
    "@oxfmt/binding-android-arm64": "npm:0.57.0"
    "@oxfmt/binding-darwin-arm64": "npm:0.57.0"
    "@oxfmt/binding-darwin-x64": "npm:0.57.0"
    "@oxfmt/binding-freebsd-x64": "npm:0.57.0"
    "@oxfmt/binding-linux-arm-gnueabihf": "npm:0.57.0"
    "@oxfmt/binding-linux-arm-musleabihf": "npm:0.57.0"
    "@oxfmt/binding-linux-arm64-gnu": "npm:0.57.0"
    "@oxfmt/binding-linux-arm64-musl": "npm:0.57.0"
    "@oxfmt/binding-linux-ppc64-gnu": "npm:0.57.0"
    "@oxfmt/binding-linux-riscv64-gnu": "npm:0.57.0"
    "@oxfmt/binding-linux-riscv64-musl": "npm:0.57.0"
    "@oxfmt/binding-linux-s390x-gnu": "npm:0.57.0"
    "@oxfmt/binding-linux-x64-gnu": "npm:0.57.0"
    "@oxfmt/binding-linux-x64-musl": "npm:0.57.0"
    "@oxfmt/binding-openharmony-arm64": "npm:0.57.0"
    "@oxfmt/binding-win32-arm64-msvc": "npm:0.57.0"
    "@oxfmt/binding-win32-ia32-msvc": "npm:0.57.0"
    "@oxfmt/binding-win32-x64-msvc": "npm:0.57.0"
    tinypool: "npm:2.1.0"
  peerDependencies:
    svelte: ^5.0.0
    vite-plus: "*"
  dependenciesMeta:
    "@oxfmt/binding-android-arm-eabi":
      optional: true
    "@oxfmt/binding-android-arm64":
      optional: true
    "@oxfmt/binding-darwin-arm64":
      optional: true
    "@oxfmt/binding-darwin-x64":
      optional: true
    "@oxfmt/binding-freebsd-x64":
      optional: true
    "@oxfmt/binding-linux-arm-gnueabihf":
      optional: true
    "@oxfmt/binding-linux-arm-musleabihf":
      optional: true
    "@oxfmt/binding-linux-arm64-gnu":
      optional: true
    "@oxfmt/binding-linux-arm64-musl":
      optional: true
    "@oxfmt/binding-linux-ppc64-gnu":
      optional: true
    "@oxfmt/binding-linux-riscv64-gnu":
      optional: true
    "@oxfmt/binding-linux-riscv64-musl":
      optional: true
    "@oxfmt/binding-linux-s390x-gnu":
      optional: true
    "@oxfmt/binding-linux-x64-gnu":
      optional: true
    "@oxfmt/binding-linux-x64-musl":
      optional: true
    "@oxfmt/binding-openharmony-arm64":
      optional: true
    "@oxfmt/binding-win32-arm64-msvc":
      optional: true
    "@oxfmt/binding-win32-ia32-msvc":
      optional: true
    "@oxfmt/binding-win32-x64-msvc":
      optional: true
  peerDependenciesMeta:
    svelte:
      optional: true
    vite-plus:
      optional: true
  bin:
    oxfmt: bin/oxfmt
  checksum: 10c0/39879f27afef9b812094865d70ed51d84ab3b66b85cc6ec8a02dad0aa4ea528d0b8a33553a3a66cefa999c029529959ceb1907e4c71b1b01a882dbccb77ebc1b
  languageName: node
  linkType: hard

"oxlint@npm:1.72.0":
  version: 1.72.0
  resolution: "oxlint@npm:1.72.0"
  dependencies:
    "@oxlint/binding-android-arm-eabi": "npm:1.72.0"
    "@oxlint/binding-android-arm64": "npm:1.72.0"
    "@oxlint/binding-darwin-arm64": "npm:1.72.0"
    "@oxlint/binding-darwin-x64": "npm:1.72.0"
    "@oxlint/binding-freebsd-x64": "npm:1.72.0"
    "@oxlint/binding-linux-arm-gnueabihf": "npm:1.72.0"
    "@oxlint/binding-linux-arm-musleabihf": "npm:1.72.0"
    "@oxlint/binding-linux-arm64-gnu": "npm:1.72.0"
    "@oxlint/binding-linux-arm64-musl": "npm:1.72.0"
    "@oxlint/binding-linux-ppc64-gnu": "npm:1.72.0"
    "@oxlint/binding-linux-riscv64-gnu": "npm:1.72.0"
    "@oxlint/binding-linux-riscv64-musl": "npm:1.72.0"
    "@oxlint/binding-linux-s390x-gnu": "npm:1.72.0"
    "@oxlint/binding-linux-x64-gnu": "npm:1.72.0"
    "@oxlint/binding-linux-x64-musl": "npm:1.72.0"
    "@oxlint/binding-openharmony-arm64": "npm:1.72.0"
    "@oxlint/binding-win32-arm64-msvc": "npm:1.72.0"
    "@oxlint/binding-win32-ia32-msvc": "npm:1.72.0"
    "@oxlint/binding-win32-x64-msvc": "npm:1.72.0"
  peerDependencies:
    oxlint-tsgolint: ">=0.22.1"
    vite-plus: "*"
  dependenciesMeta:
    "@oxlint/binding-android-arm-eabi":
      optional: true
    "@oxlint/binding-android-arm64":
      optional: true
    "@oxlint/binding-darwin-arm64":
      optional: true
    "@oxlint/binding-darwin-x64":
      optional: true
    "@oxlint/binding-freebsd-x64":
      optional: true
    "@oxlint/binding-linux-arm-gnueabihf":
      optional: true
    "@oxlint/binding-linux-arm-musleabihf":
      optional: true
    "@oxlint/binding-linux-arm64-gnu":
      optional: true
    "@oxlint/binding-linux-arm64-musl":
      optional: true
    "@oxlint/binding-linux-ppc64-gnu":
      optional: true
    "@oxlint/binding-linux-riscv64-gnu":
      optional: true
    "@oxlint/binding-linux-riscv64-musl":
      optional: true
    "@oxlint/binding-linux-s390x-gnu":
      optional: true
    "@oxlint/binding-linux-x64-gnu":
      optional: true
    "@oxlint/binding-linux-x64-musl":
      optional: true
    "@oxlint/binding-openharmony-arm64":
      optional: true
    "@oxlint/binding-win32-arm64-msvc":
      optional: true
    "@oxlint/binding-win32-ia32-msvc":
      optional: true
    "@oxlint/binding-win32-x64-msvc":
      optional: true
  peerDependenciesMeta:
    oxlint-tsgolint:
      optional: true
    vite-plus:
      optional: true
  bin:
    oxlint: bin/oxlint
  checksum: 10c0/c8d8199b9ddf7986e96ac49ed3828c3cd33424cd0dff404f3ade834db66b10e1c7c1bf6b294d50ee1003d0b509e48e946490d7fcde5abdde07620c7c28d43738
  languageName: node
  linkType: hard

"tinypool@npm:2.1.0":
  version: 2.1.0
  resolution: "tinypool@npm:2.1.0"
  checksum: 10c0/9fb1c760558c6264e0f4cfde96a63b12450b43f1730fbe6274aa24ddbdf488745c08924d0dea7a1303b47d555416a6415f2113898c69b6ecf731e75ac95238a5
  languageName: node
  linkType: hard

"tlds@npm:^1.234.0":
  version: 1.259.0
  resolution: "tlds@npm:1.259.0"
  bin:
    tlds: bin.js
  checksum: 10c0/1a22109aee9faf826f9da4cc79a7ca2c327955033ab3ad87258665e2bde4011171f536357c9f83d9450b60c87a2261ef9037c0cd8977a39c639909904d051780
  languageName: node
  linkType: hard

"tslib@npm:^2.8.1":
  version: 2.8.1
  resolution: "tslib@npm:2.8.1"
  checksum: 10c0/9c4759110a19c53f992d9aae23aac5ced636e99887b51b9e61def52611732872ff7668757d4e4c61f19691e36f4da981cd9485e869b4a7408d689f6bf1f14e62
  languageName: node
  linkType: hard

"uint8arrays@npm:^5.0.0":
  version: 5.1.1
  resolution: "uint8arrays@npm:5.1.1"
  dependencies:
    multiformats: "npm:^13.0.0"
  checksum: 10c0/c7070c84af815fc00a3d555fa10ff671bdcec7136e799af2337101e2d14d2c551eb85cad5e6339a886f7e681865f87d75234e6237f5557c51deadfd5bcfcf1c7
  languageName: node
  linkType: hard

"unicode-segmenter@npm:^0.14.0":
  version: 0.14.0
  resolution: "unicode-segmenter@npm:0.14.0"
  checksum: 10c0/6a2402afc2b85b9fa83a42d241b5a2bb9f8a22854ff531c771b207646653796b27bdc58413c9c8a4041af0d512b98a8ef99698d1a8c930ed7e57e0e8df37d11e
  languageName: node
  linkType: hard

"zod@npm:^3.23.8":
  version: 3.25.67
  resolution: "zod@npm:3.25.67"
  checksum: 10c0/80a0cab3033272c4ab9312198081f0c4ea88e9673c059aa36dc32024906363729db54bdb78f3dc9d5529bd1601f74974d5a56c0a23e40c6f04a9270c9ff22336
  languageName: node
  linkType: hard
